lockfileVersion: 5.4

importers:

  .:
    specifiers:
      framer-motion: ^6.5.1
      framer1: workspace:^0.1.0
      react-icons: ^4.8.0
      react-router-dom: ^6.9.0
    dependencies:
      framer-motion: 6.5.1
      framer1: link:apps/framer1
      react-icons: 4.8.0
      react-router-dom: 6.9.0

packages:

  /@emotion/is-prop-valid/0.8.8:
    resolution: {integrity: sha512-u5WtneEAr5IDG2Wv65yhunPSMLIpuKsbuOktRojfrEiEvRyC85LgPMZI63cr7NUqT8ZIGdSVg8ZKGxIug4lXcA==}
    requiresBuild: true
    dependencies:
      '@emotion/memoize': 0.7.4
    dev: false
    optional: true

  /@emotion/memoize/0.7.4:
    resolution: {integrity: sha512-Ja/Vfqe3HpuzRsG1oBtWTHk2PGZ7GR+2Vz5iYGelAw8dx32K0y7PjVuxK6z1nMpZOqAFsRUPCkK1YjJ56qJlgw==}
    dev: false
    optional: true

  /@motionone/animation/10.15.1:
    resolution: {integrity: sha512-mZcJxLjHor+bhcPuIFErMDNyrdb2vJur8lSfMCsuCB4UyV8ILZLvK+t+pg56erv8ud9xQGK/1OGPt10agPrCyQ==}
    dependencies:
      '@motionone/easing': 10.15.1
      '@motionone/types': 10.15.1
      '@motionone/utils': 10.15.1
      tslib: 2.5.0
    dev: false

  /@motionone/dom/10.12.0:
    resolution: {integrity: sha512-UdPTtLMAktHiqV0atOczNYyDd/d8Cf5fFsd1tua03PqTwwCe/6lwhLSQ8a7TbnQ5SN0gm44N1slBfj+ORIhrqw==}
    dependencies:
      '@motionone/animation': 10.15.1
      '@motionone/generators': 10.15.1
      '@motionone/types': 10.15.1
      '@motionone/utils': 10.15.1
      hey-listen: 1.0.8
      tslib: 2.5.0
    dev: false

  /@motionone/easing/10.15.1:
    resolution: {integrity: sha512-6hIHBSV+ZVehf9dcKZLT7p5PEKHGhDwky2k8RKkmOvUoYP3S+dXsKupyZpqx5apjd9f+php4vXk4LuS+ADsrWw==}
    dependencies:
      '@motionone/utils': 10.15.1
      tslib: 2.5.0
    dev: false

  /@motionone/generators/10.15.1:
    resolution: {integrity: sha512-67HLsvHJbw6cIbLA/o+gsm7h+6D4Sn7AUrB/GPxvujse1cGZ38F5H7DzoH7PhX+sjvtDnt2IhFYF2Zp1QTMKWQ==}
    dependencies:
      '@motionone/types': 10.15.1
      '@motionone/utils': 10.15.1
      tslib: 2.5.0
    dev: false

  /@motionone/types/10.15.1:
    resolution: {integrity: sha512-iIUd/EgUsRZGrvW0jqdst8st7zKTzS9EsKkP+6c6n4MPZoQHwiHuVtTQLD6Kp0bsBLhNzKIBlHXponn/SDT4hA==}
    dev: false

  /@motionone/utils/10.15.1:
    resolution: {integrity: sha512-p0YncgU+iklvYr/Dq4NobTRdAPv9PveRDUXabPEeOjBLSO/1FNB2phNTZxOxpi1/GZwYpAoECEa0Wam+nsmhSw==}
    dependencies:
      '@motionone/types': 10.15.1
      hey-listen: 1.0.8
      tslib: 2.5.0
    dev: false

  /@remix-run/router/1.4.0:
    resolution: {integrity: sha512-BJ9SxXux8zAg991UmT8slpwpsd31K1dHHbD3Ba4VzD+liLQ4WAMSxQp2d2ZPRPfN0jN2NPRowcSSoM7lCaF08Q==}
    engines: {node: '>=14'}
    dev: false

  /framer-motion/6.5.1:
    resolution: {integrity: sha512-o1BGqqposwi7cgDrtg0dNONhkmPsUFDaLcKXigzuTFC5x58mE8iyTazxSudFzmT6MEyJKfjjU8ItoMe3W+3fiw==}
    peerDependencies:
      react: '>=16.8 || ^17.0.0 || ^18.0.0'
      react-dom: '>=16.8 || ^17.0.0 || ^18.0.0'
    dependencies:
      '@motionone/dom': 10.12.0
      framesync: 6.0.1
      hey-listen: 1.0.8
      popmotion: 11.0.3
      style-value-types: 5.0.0
      tslib: 2.5.0
    optionalDependencies:
      '@emotion/is-prop-valid': 0.8.8
    dev: false

  /framesync/6.0.1:
    resolution: {integrity: sha512-fUY88kXvGiIItgNC7wcTOl0SNRCVXMKSWW2Yzfmn7EKNc+MpCzcz9DhdHcdjbrtN3c6R4H5dTY2jiCpPdysEjA==}
    dependencies:
      tslib: 2.5.0
    dev: false

  /hey-listen/1.0.8:
    resolution: {integrity: sha512-COpmrF2NOg4TBWUJ5UVyaCU2A88wEMkUPK4hNqyCkqHbxT92BbvfjoSozkAIIm6XhicGlJHhFdullInrdhwU8Q==}
    dev: false

  /popmotion/11.0.3:
    resolution: {integrity: sha512-Y55FLdj3UxkR7Vl3s7Qr4e9m0onSnP8W7d/xQLsoJM40vs6UKHFdygs6SWryasTZYqugMjm3BepCF4CWXDiHgA==}
    dependencies:
      framesync: 6.0.1
      hey-listen: 1.0.8
      style-value-types: 5.0.0
      tslib: 2.5.0
    dev: false

  /react-icons/4.8.0:
    resolution: {integrity: sha512-N6+kOLcihDiAnj5Czu637waJqSnwlMNROzVZMhfX68V/9bu9qHaMIJC4UdozWoOk57gahFCNHwVvWzm0MTzRjg==}
    peerDependencies:
      react: '*'
    dev: false

  /react-router-dom/6.9.0:
    resolution: {integrity: sha512-/seUAPY01VAuwkGyVBPCn1OXfVbaWGGu4QN9uj0kCPcTyNYgL1ldZpxZUpRU7BLheKQI4Twtl/OW2nHRF1u26Q==}
    engines: {node: '>=14'}
    peerDependencies:
      react: '>=16.8'
      react-dom: '>=16.8'
    dependencies:
      '@remix-run/router': 1.4.0
      react-router: 6.9.0
    dev: false

  /react-router/6.9.0:
    resolution: {integrity: sha512-51lKevGNUHrt6kLuX3e/ihrXoXCa9ixY/nVWRLlob4r/l0f45x3SzBvYJe3ctleLUQQ5fVa4RGgJOTH7D9Umhw==}
    engines: {node: '>=14'}
    peerDependencies:
      react: '>=16.8'
    dependencies:
      '@remix-run/router': 1.4.0
    dev: false

  /style-value-types/5.0.0:
    resolution: {integrity: sha512-08yq36Ikn4kx4YU6RD7jWEv27v4V+PUsOGa4n/as8Et3CuODMJQ00ENeAVXAeydX4Z2j1XHZF1K2sX4mGl18fA==}
    dependencies:
      hey-listen: 1.0.8
      tslib: 2.5.0
    dev: false

  /tslib/2.5.0:
    resolution: {integrity: sha512-336iVw3rtn2BUK7ORdIAHTyxHGRIHVReokCR3XjbckJMK7ms8FysBfhLR8IXnAgy7T0PTPNBWKiH514FOW/WSg==}
    dev: false
